
Microsoft Visual Studio Solution File, Format Version 12.00
# Visual Studio Version 17
VisualStudioVersion = 17.13.35828.75
MinimumVisualStudioVersion = 10.0.40219.1
Project("{2150E333-8FDC-42A3-9474-1A3956D46DE8}") = "src", "src", "{02EA681E-C7D8-13C7-8484-4AC65E1B71E8}"
EndProject
Project("{2150E333-8FDC-42A3-9474-1A3956D46DE8}") = "api-gateways", "api-gateways", "{4E9C7670-DAFA-4C44-BA65-33279F567542}"
EndProject
Project("{2150E333-8FDC-42A3-9474-1A3956D46DE8}") = "building-blocks", "building-blocks", "{C11785CB-22CF-4D19-B96E-DEC3293B6DA0}"
EndProject
Project("{2150E333-8FDC-42A3-9474-1A3956D46DE8}") = "services", "services", "{746157D4-CBD1-4C40-83A2-94156329A1FB}"
EndProject
Project("{2150E333-8FDC-42A3-9474-1A3956D46DE8}") = "tests", "tests", "{382D8508-6409-4143-B334-953FE75CC9E9}"
EndProject
Project("{FAE04EC0-301F-11D3-BF4B-00C04F79EFBC}") = "E-Commerce.Bff.Carts", "src\api-gateways\E-Commerce.Bff.Carts\E-Commerce.Bff.Carts.csproj", "{00AB6CC0-1353-B39D-6032-29F0527F5E81}"
EndProject
Project("{FAE04EC0-301F-11D3-BF4B-00C04F79EFBC}") = "E-Commerce.Bff.Register", "src\api-gateways\E-Commerce.Bff.Register\E-Commerce.Bff.Register.csproj", "{C135AB3A-63B0-7C2A-6CAD-9CDE2F3FF6CB}"
EndProject
Project("{FAE04EC0-301F-11D3-BF4B-00C04F79EFBC}") = "E-Commerce.Bff.Users", "src\api-gateways\E-Commerce.Bff.Users\E-Commerce.Bff.Users.csproj", "{5D0A5959-ADE4-444A-AA14-6171C6FE4146}"
EndProject
Project("{FAE04EC0-301F-11D3-BF4B-00C04F79EFBC}") = "E-Commerce.Core", "src\building-blocks\E-Commerce.Core\E-Commerce.Core.csproj", "{E73F09CA-668D-4A4B-B7A1-D0F6A2291DC1}"
EndProject
Project("{FAE04EC0-301F-11D3-BF4B-00C04F79EFBC}") = "E-Commerce.MessageBus", "src\building-blocks\E-Commerce.MessageBus\E-Commerce.MessageBus.csproj", "{4253AABE-CB48-43B9-9D55-496BC24C7E6D}"
EndProject
Project("{FAE04EC0-301F-11D3-BF4B-00C04F79EFBC}") = "E-Commerce.AuthApi", "src\services\E-Commerce.AuthApi\E-Commerce.AuthApi.csproj", "{CF965412-F270-4E9F-B486-31284D88AAA0}"
EndProject
Project("{FAE04EC0-301F-11D3-BF4B-00C04F79EFBC}") = "E-Commerce.CartsApi", "src\services\E-Commerce.CartsApi\E-Commerce.CartsApi.csproj", "{AC09A156-45D0-4E24-A53F-C30C73EAD828}"
EndProject
Project("{FAE04EC0-301F-11D3-BF4B-00C04F79EFBC}") = "E-Commerce.ProductsApi", "src\services\E-Commerce.ProductsApi\E-Commerce.ProductsApi.csproj", "{D543A3AC-0AE2-49BD-A0A0-E11B94C70491}"
EndProject
Project("{FAE04EC0-301F-11D3-BF4B-00C04F79EFBC}") = "E-Commerce.UsersApi", "src\services\E-Commerce.UsersApi\E-Commerce.UsersApi.csproj", "{95681D8D-55A1-4223-87C7-FDF629491BC9}"
EndProject
Project("{FAE04EC0-301F-11D3-BF4B-00C04F79EFBC}") = "E-Commerce.ProductsApiTests", "src\tests\E-Commerce.ProductsApiTests\E-Commerce.ProductsApiTests.csproj", "{6EF08DBC-347C-4560-A01C-75DB7AC37A17}"
EndProject
Project("{2150E333-8FDC-42A3-9474-1A3956D46DE8}") = "ui", "ui", "{358672EE-CE5A-43A9-AB9D-85C5E932F9EA}"
EndProject
Project("{2150E333-8FDC-42A3-9474-1A3956D46DE8}") = "front-end-blazor", "front-end-blazor", "{C81FAA30-3225-411A-BE9F-2AC196F4243C}"
EndProject
Project("{FAE04EC0-301F-11D3-BF4B-00C04F79EFBC}") = "E-Commerce.AppBlazor", "src\ui\front-end-blazor\E-Commerce.AppBlazor\E-Commerce.AppBlazor\E-Commerce.AppBlazor.csproj", "{BC646396-7754-485E-8053-FA7A29A29FEF}"
EndProject
Project("{FAE04EC0-301F-11D3-BF4B-00C04F79EFBC}") = "E-Commerce.AppBlazor.Client", "src\ui\front-end-blazor\E-Commerce.AppBlazor\E-Commerce.AppBlazor.Client\E-Commerce.AppBlazor.Client.csproj", "{AE4C3DB5-9284-48FF-B2EB-811F8234143A}"
EndProject
Global
	GlobalSection(SolutionConfigurationPlatforms) = preSolution
		Debug|Any CPU = Debug|Any CPU
		Release|Any CPU = Release|Any CPU
	EndGlobalSection
	GlobalSection(ProjectConfigurationPlatforms) = postSolution
		{00AB6CC0-1353-B39D-6032-29F0527F5E81}.Debug|Any CPU.ActiveCfg = Debug|Any CPU
		{00AB6CC0-1353-B39D-6032-29F0527F5E81}.Debug|Any CPU.Build.0 = Debug|Any CPU
		{00AB6CC0-1353-B39D-6032-29F0527F5E81}.Release|Any CPU.ActiveCfg = Release|Any CPU
		{00AB6CC0-1353-B39D-6032-29F0527F5E81}.Release|Any CPU.Build.0 = Release|Any CPU
		{C135AB3A-63B0-7C2A-6CAD-9CDE2F3FF6CB}.Debug|Any CPU.ActiveCfg = Debug|Any CPU
		{C135AB3A-63B0-7C2A-6CAD-9CDE2F3FF6CB}.Debug|Any CPU.Build.0 = Debug|Any CPU
		{C135AB3A-63B0-7C2A-6CAD-9CDE2F3FF6CB}.Release|Any CPU.ActiveCfg = Release|Any CPU
		{C135AB3A-63B0-7C2A-6CAD-9CDE2F3FF6CB}.Release|Any CPU.Build.0 = Release|Any CPU
		{5D0A5959-ADE4-444A-AA14-6171C6FE4146}.Debug|Any CPU.ActiveCfg = Debug|Any CPU
		{5D0A5959-ADE4-444A-AA14-6171C6FE4146}.Debug|Any CPU.Build.0 = Debug|Any CPU
		{5D0A5959-ADE4-444A-AA14-6171C6FE4146}.Release|Any CPU.ActiveCfg = Release|Any CPU
		{5D0A5959-ADE4-444A-AA14-6171C6FE4146}.Release|Any CPU.Build.0 = Release|Any CPU
		{E73F09CA-668D-4A4B-B7A1-D0F6A2291DC1}.Debug|Any CPU.ActiveCfg = Debug|Any CPU
		{E73F09CA-668D-4A4B-B7A1-D0F6A2291DC1}.Debug|Any CPU.Build.0 = Debug|Any CPU
		{E73F09CA-668D-4A4B-B7A1-D0F6A2291DC1}.Release|Any CPU.ActiveCfg = Release|Any CPU
		{E73F09CA-668D-4A4B-B7A1-D0F6A2291DC1}.Release|Any CPU.Build.0 = Release|Any CPU
		{4253AABE-CB48-43B9-9D55-496BC24C7E6D}.Debug|Any CPU.ActiveCfg = Debug|Any CPU
		{4253AABE-CB48-43B9-9D55-496BC24C7E6D}.Debug|Any CPU.Build.0 = Debug|Any CPU
		{4253AABE-CB48-43B9-9D55-496BC24C7E6D}.Release|Any CPU.ActiveCfg = Release|Any CPU
		{4253AABE-CB48-43B9-9D55-496BC24C7E6D}.Release|Any CPU.Build.0 = Release|Any CPU
		{CF965412-F270-4E9F-B486-31284D88AAA0}.Debug|Any CPU.ActiveCfg = Debug|Any CPU
		{CF965412-F270-4E9F-B486-31284D88AAA0}.Debug|Any CPU.Build.0 = Debug|Any CPU
		{CF965412-F270-4E9F-B486-31284D88AAA0}.Release|Any CPU.ActiveCfg = Release|Any CPU
		{CF965412-F270-4E9F-B486-31284D88AAA0}.Release|Any CPU.Build.0 = Release|Any CPU
		{AC09A156-45D0-4E24-A53F-C30C73EAD828}.Debug|Any CPU.ActiveCfg = Debug|Any CPU
		{AC09A156-45D0-4E24-A53F-C30C73EAD828}.Debug|Any CPU.Build.0 = Debug|Any CPU
		{AC09A156-45D0-4E24-A53F-C30C73EAD828}.Release|Any CPU.ActiveCfg = Release|Any CPU
		{AC09A156-45D0-4E24-A53F-C30C73EAD828}.Release|Any CPU.Build.0 = Release|Any CPU
		{D543A3AC-0AE2-49BD-A0A0-E11B94C70491}.Debug|Any CPU.ActiveCfg = Debug|Any CPU
		{D543A3AC-0AE2-49BD-A0A0-E11B94C70491}.Debug|Any CPU.Build.0 = Debug|Any CPU
		{D543A3AC-0AE2-49BD-A0A0-E11B94C70491}.Release|Any CPU.ActiveCfg = Release|Any CPU
		{D543A3AC-0AE2-49BD-A0A0-E11B94C70491}.Release|Any CPU.Build.0 = Release|Any CPU
		{95681D8D-55A1-4223-87C7-FDF629491BC9}.Debug|Any CPU.ActiveCfg = Debug|Any CPU
		{95681D8D-55A1-4223-87C7-FDF629491BC9}.Debug|Any CPU.Build.0 = Debug|Any CPU
		{95681D8D-55A1-4223-87C7-FDF629491BC9}.Release|Any CPU.ActiveCfg = Release|Any CPU
		{95681D8D-55A1-4223-87C7-FDF629491BC9}.Release|Any CPU.Build.0 = Release|Any CPU
		{6EF08DBC-347C-4560-A01C-75DB7AC37A17}.Debug|Any CPU.ActiveCfg = Debug|Any CPU
		{6EF08DBC-347C-4560-A01C-75DB7AC37A17}.Debug|Any CPU.Build.0 = Debug|Any CPU
		{6EF08DBC-347C-4560-A01C-75DB7AC37A17}.Release|Any CPU.ActiveCfg = Release|Any CPU
		{6EF08DBC-347C-4560-A01C-75DB7AC37A17}.Release|Any CPU.Build.0 = Release|Any CPU
		{BC646396-7754-485E-8053-FA7A29A29FEF}.Debug|Any CPU.ActiveCfg = Debug|Any CPU
		{BC646396-7754-485E-8053-FA7A29A29FEF}.Debug|Any CPU.Build.0 = Debug|Any CPU
		{BC646396-7754-485E-8053-FA7A29A29FEF}.Release|Any CPU.ActiveCfg = Release|Any CPU
		{BC646396-7754-485E-8053-FA7A29A29FEF}.Release|Any CPU.Build.0 = Release|Any CPU
		{AE4C3DB5-9284-48FF-B2EB-811F8234143A}.Debug|Any CPU.ActiveCfg = Debug|Any CPU
		{AE4C3DB5-9284-48FF-B2EB-811F8234143A}.Debug|Any CPU.Build.0 = Debug|Any CPU
		{AE4C3DB5-9284-48FF-B2EB-811F8234143A}.Release|Any CPU.ActiveCfg = Release|Any CPU
		{AE4C3DB5-9284-48FF-B2EB-811F8234143A}.Release|Any CPU.Build.0 = Release|Any CPU
	EndGlobalSection
	GlobalSection(SolutionProperties) = preSolution
		HideSolutionNode = FALSE
	EndGlobalSection
	GlobalSection(NestedProjects) = preSolution
		{4E9C7670-DAFA-4C44-BA65-33279F567542} = {02EA681E-C7D8-13C7-8484-4AC65E1B71E8}
		{C11785CB-22CF-4D19-B96E-DEC3293B6DA0} = {02EA681E-C7D8-13C7-8484-4AC65E1B71E8}
		{746157D4-CBD1-4C40-83A2-94156329A1FB} = {02EA681E-C7D8-13C7-8484-4AC65E1B71E8}
		{382D8508-6409-4143-B334-953FE75CC9E9} = {02EA681E-C7D8-13C7-8484-4AC65E1B71E8}
		{00AB6CC0-1353-B39D-6032-29F0527F5E81} = {4E9C7670-DAFA-4C44-BA65-33279F567542}
		{C135AB3A-63B0-7C2A-6CAD-9CDE2F3FF6CB} = {4E9C7670-DAFA-4C44-BA65-33279F567542}
		{5D0A5959-ADE4-444A-AA14-6171C6FE4146} = {4E9C7670-DAFA-4C44-BA65-33279F567542}
		{E73F09CA-668D-4A4B-B7A1-D0F6A2291DC1} = {C11785CB-22CF-4D19-B96E-DEC3293B6DA0}
		{4253AABE-CB48-43B9-9D55-496BC24C7E6D} = {C11785CB-22CF-4D19-B96E-DEC3293B6DA0}
		{CF965412-F270-4E9F-B486-31284D88AAA0} = {746157D4-CBD1-4C40-83A2-94156329A1FB}
		{AC09A156-45D0-4E24-A53F-C30C73EAD828} = {746157D4-CBD1-4C40-83A2-94156329A1FB}
		{D543A3AC-0AE2-49BD-A0A0-E11B94C70491} = {746157D4-CBD1-4C40-83A2-94156329A1FB}
		{95681D8D-55A1-4223-87C7-FDF629491BC9} = {746157D4-CBD1-4C40-83A2-94156329A1FB}
		{6EF08DBC-347C-4560-A01C-75DB7AC37A17} = {382D8508-6409-4143-B334-953FE75CC9E9}
		{358672EE-CE5A-43A9-AB9D-85C5E932F9EA} = {02EA681E-C7D8-13C7-8484-4AC65E1B71E8}
		{C81FAA30-3225-411A-BE9F-2AC196F4243C} = {358672EE-CE5A-43A9-AB9D-85C5E932F9EA}
		{BC646396-7754-485E-8053-FA7A29A29FEF} = {C81FAA30-3225-411A-BE9F-2AC196F4243C}
		{AE4C3DB5-9284-48FF-B2EB-811F8234143A} = {C81FAA30-3225-411A-BE9F-2AC196F4243C}
	EndGlobalSection
	GlobalSection(ExtensibilityGlobals) = postSolution
		SolutionGuid = {1F0F085B-4E2D-4EE7-B52B-612B4476DF90}
	EndGlobalSection
EndGlobal
